
Microsoft Visual Studio Solution File, Format Version 12.00
# Visual Studio Version 16
VisualStudioVersion = 16.0.31129.286
MinimumVisualStudioVersion = 10.0.40219.1
Project("{9A19103F-16F7-4668-BE54-9A1E7A4F7556}") = "BasicWebServer", "BasicWebServer\BasicWebServer.csproj", "{C1D2D4B0-5CDD-4786-90CB-32F245313180}"
EndProject
Project("{9A19103F-16F7-4668-BE54-9A1E7A4F7556}") = "BasicWebServer.Server", "BasicWebServer.Http\BasicWebServer.Server.csproj", "{ED679F29-D32B-41F2-9388-5EEDDD6A51E8}"
EndProject
Global
	GlobalSection(SolutionConfigurationPlatforms) = preSolution
		Debug|Any CPU = Debug|Any CPU
		Release|Any CPU = Release|Any CPU
	EndGlobalSection
	GlobalSection(ProjectConfigurationPlatforms) = postSolution
		{C1D2D4B0-5CDD-4786-90CB-32F245313180}.Debug|Any CPU.ActiveCfg = Debug|Any CPU
		{C1D2D4B0-5CDD-4786-90CB-32F245313180}.Debug|Any CPU.Build.0 = Debug|Any CPU
		{C1D2D4B0-5CDD-4786-90CB-32F245313180}.Release|Any CPU.ActiveCfg = Release|Any CPU
		{C1D2D4B0-5CDD-4786-90CB-32F245313180}.Release|Any CPU.Build.0 = Release|Any CPU
		{ED679F29-D32B-41F2-9388-5EEDDD6A51E8}.Debug|Any CPU.ActiveCfg = Debug|Any CPU
		{ED679F29-D32B-41F2-9388-5EEDDD6A51E8}.Debug|Any CPU.Build.0 = Debug|Any CPU
		{ED679F29-D32B-41F2-9388-5EEDDD6A51E8}.Release|Any CPU.ActiveCfg = Release|Any CPU
		{ED679F29-D32B-41F2-9388-5EEDDD6A51E8}.Release|Any CPU.Build.0 = Release|Any CPU
	EndGlobalSection
	GlobalSection(SolutionProperties) = preSolution
		HideSolutionNode = FALSE
	EndGlobalSection
	GlobalSection(ExtensibilityGlobals) = postSolution
		SolutionGuid = {A6A2BBC6-8405-4A7A-A9FD-CF603404CB74}
	EndGlobalSection
EndGlobal
