
Microsoft Visual Studio Solution File, Format Version 12.00
# Visual Studio Version 16
VisualStudioVersion = 16.0.31005.135
MinimumVisualStudioVersion = 10.0.40219.1
Project("{FAE04EC0-301F-11D3-BF4B-00C04F79EFBC}") = "SUS.HTTP", "SUS.HTTP\SUS.HTTP.csproj", "{FDF99182-2729-4C55-A7B1-595D1644DBBB}"
EndProject
Project("{FAE04EC0-301F-11D3-BF4B-00C04F79EFBC}") = "SUS.MvcFramework", "SUS.MvcFramework\SUS.MvcFramework.csproj", "{EE1808A8-EE9B-4E6E-A88F-52BCFA80ED6D}"
EndProject
Project("{2150E333-8FDC-42A3-9474-1A3956D46DE8}") = "Apps", "Apps", "{2AF6389A-31ED-45C8-8568-6ABAF0A1EA54}"
EndProject
Project("{9A19103F-16F7-4668-BE54-9A1E7A4F7556}") = "FirstMvcApp", "Apps\FirstMvcApp\FirstMvcApp.csproj", "{C632ACA4-B986-429B-835D-59F6D4A5D90B}"
EndProject
Global
	GlobalSection(SolutionConfigurationPlatforms) = preSolution
		Debug|Any CPU = Debug|Any CPU
		Release|Any CPU = Release|Any CPU
	EndGlobalSection
	GlobalSection(ProjectConfigurationPlatforms) = postSolution
		{FDF99182-2729-4C55-A7B1-595D1644DBBB}.Debug|Any CPU.ActiveCfg = Debug|Any CPU
		{FDF99182-2729-4C55-A7B1-595D1644DBBB}.Debug|Any CPU.Build.0 = Debug|Any CPU
		{FDF99182-2729-4C55-A7B1-595D1644DBBB}.Release|Any CPU.ActiveCfg = Release|Any CPU
		{FDF99182-2729-4C55-A7B1-595D1644DBBB}.Release|Any CPU.Build.0 = Release|Any CPU
		{EE1808A8-EE9B-4E6E-A88F-52BCFA80ED6D}.Debug|Any CPU.ActiveCfg = Debug|Any CPU
		{EE1808A8-EE9B-4E6E-A88F-52BCFA80ED6D}.Debug|Any CPU.Build.0 = Debug|Any CPU
		{EE1808A8-EE9B-4E6E-A88F-52BCFA80ED6D}.Release|Any CPU.ActiveCfg = Release|Any CPU
		{EE1808A8-EE9B-4E6E-A88F-52BCFA80ED6D}.Release|Any CPU.Build.0 = Release|Any CPU
		{C632ACA4-B986-429B-835D-59F6D4A5D90B}.Debug|Any CPU.ActiveCfg = Debug|Any CPU
		{C632ACA4-B986-429B-835D-59F6D4A5D90B}.Debug|Any CPU.Build.0 = Debug|Any CPU
		{C632ACA4-B986-429B-835D-59F6D4A5D90B}.Release|Any CPU.ActiveCfg = Release|Any CPU
		{C632ACA4-B986-429B-835D-59F6D4A5D90B}.Release|Any CPU.Build.0 = Release|Any CPU
	EndGlobalSection
	GlobalSection(SolutionProperties) = preSolution
		HideSolutionNode = FALSE
	EndGlobalSection
	GlobalSection(NestedProjects) = preSolution
		{C632ACA4-B986-429B-835D-59F6D4A5D90B} = {2AF6389A-31ED-45C8-8568-6ABAF0A1EA54}
	EndGlobalSection
	GlobalSection(ExtensibilityGlobals) = postSolution
		SolutionGuid = {C49D000E-84BA-4413-905E-EAE315A7F5EF}
	EndGlobalSection
EndGlobal
